
Microsoft Visual Studio Solution File, Format Version 12.00
# Visual Studio 14
VisualStudioVersion = 14.0.23107.0
MinimumVisualStudioVersion = 10.0.40219.1
Project("{FAE04EC0-301F-11D3-BF4B-00C04F79EFBC}") = "Deodorant_Evaporator", "CodeWars\Deodorant_Evaporator.csproj", "{5FFD294F-6BB8-46A9-B65C-3266EE9F662E}"
EndProject
Project("{FAE04EC0-301F-11D3-BF4B-00C04F79EFBC}") = "Vowel_Count", "Vowel_Count\Vowel_Count.csproj", "{B673F0A4-4570-472F-A78A-667B302DC294}"
EndProject
Project("{FAE04EC0-301F-11D3-BF4B-00C04F79EFBC}") = "SumOfTheFirstNthTermOfSeries", "SumOfTheFirstNthTermOfSeries\SumOfTheFirstNthTermOfSeries.csproj", "{5A690B8D-BD95-4A37-A6EB-5625AB545463}"
EndProject
Project("{FAE04EC0-301F-11D3-BF4B-00C04F79EFBC}") = "Building_Blocks", "Building_Blocks\Building_Blocks.csproj", "{61D988E4-883D-49B8-BBFD-1931B915C83C}"
EndProject
Project("{FAE04EC0-301F-11D3-BF4B-00C04F79EFBC}") = "RPGOnlinePlayerToQualStage", "RPGOnlinePlayerToQualStage\RPGOnlinePlayerToQualStage.csproj", "{86DD4115-1C68-42C8-A30B-91E70D0B2650}"
EndProject
Project("{FAE04EC0-301F-11D3-BF4B-00C04F79EFBC}") = "MakeBackronym", "MakeBackronym\MakeBackronym.csproj", "{691FDF88-2301-48D0-BB7C-738DEA3DEC87}"
EndProject
Project("{FAE04EC0-301F-11D3-BF4B-00C04F79EFBC}") = "HighestAndLowest", "HighestAndLowest\HighestAndLowest.csproj", "{39620C72-A010-49FF-A858-238ABB835475}"
EndProject
Project("{FAE04EC0-301F-11D3-BF4B-00C04F79EFBC}") = "RegularBallSuperBall", "RegularBallSuperBall\RegularBallSuperBall.csproj", "{460ECCBF-B19D-4F75-9E51-DDAFE7FEB0E2}"
EndProject
Project("{FAE04EC0-301F-11D3-BF4B-00C04F79EFBC}") = "VasyaAndStairs", "VasyaAndStairs\VasyaAndStairs.csproj", "{8053D433-9745-46D0-BDF1-F1ABDA086068}"
EndProject
Project("{FAE04EC0-301F-11D3-BF4B-00C04F79EFBC}") = "CreditCardMask", "CreditCardMask\CreditCardMask.csproj", "{678F88BA-E07C-4AE8-81A3-00D0FC14B2AE}"
EndProject
Project("{FAE04EC0-301F-11D3-BF4B-00C04F79EFBC}") = "HighestProfitWins", "HighestProfitWins\HighestProfitWins.csproj", "{33C6A4A8-0548-45D0-915E-7E097887D197}"
EndProject
Project("{FAE04EC0-301F-11D3-BF4B-00C04F79EFBC}") = "TheOldSwitcheroo", "TheOldSwitcheroo\TheOldSwitcheroo.csproj", "{98DD2444-C379-47DB-9774-B647EB36F565}"
EndProject
Project("{FAE04EC0-301F-11D3-BF4B-00C04F79EFBC}") = "FindTheLongestGap", "FindTheLongestGap\FindTheLongestGap.csproj", "{CD2A9FF6-90D2-4DFD-8D72-6B7B59CFE10D}"
EndProject
Project("{FAE04EC0-301F-11D3-BF4B-00C04F79EFBC}") = "FilterTheNumber", "FilterTheNumber\FilterTheNumber.csproj", "{46F1DB64-65FC-4B3C-A363-9BEA4186F699}"
EndProject
Project("{FAE04EC0-301F-11D3-BF4B-00C04F79EFBC}") = "NotCodeWars_ReverseWordsInSentence", "NotCodeWars_ReverseWordsInSentence\NotCodeWars_ReverseWordsInSentence.csproj", "{63329BB5-48EF-482B-BDC0-15E3AD6C844E}"
EndProject
Project("{FAE04EC0-301F-11D3-BF4B-00C04F79EFBC}") = "NotCodeWars_LinkedListFirstTime", "NotCodeWars_LinkedListFirstTime\NotCodeWars_LinkedListFirstTime.csproj", "{BFFC9D18-F143-46E4-94C8-597617550C89}"
EndProject
Project("{FAE04EC0-301F-11D3-BF4B-00C04F79EFBC}") = "ColorGhost", "ColorGhost\ColorGhost.csproj", "{7161CEFE-0BF3-4A53-B4E7-928EB2A8CD7B}"
EndProject
Project("{FAE04EC0-301F-11D3-BF4B-00C04F79EFBC}") = "Triple_Trouble", "Triple_Trouble\Triple_Trouble.csproj", "{81B34304-459A-449C-B643-27E20A7BEC7B}"
EndProject
Project("{FAE04EC0-301F-11D3-BF4B-00C04F79EFBC}") = "FormatNumberAsCurrency", "FormatNumberAsCurrency\FormatNumberAsCurrency.csproj", "{3C8033CB-A7F6-45D8-B78A-B6DB2154A4CB}"
EndProject
Project("{FAE04EC0-301F-11D3-BF4B-00C04F79EFBC}") = "TortoiseRacing", "TortoiseRacing\TortoiseRacing.csproj", "{9E64004B-12E9-477D-ADE5-D71234CA09FA}"
EndProject
Global
	GlobalSection(SolutionConfigurationPlatforms) = preSolution
		Debug|Any CPU = Debug|Any CPU
		Release|Any CPU = Release|Any CPU
	EndGlobalSection
	GlobalSection(ProjectConfigurationPlatforms) = postSolution
		{5FFD294F-6BB8-46A9-B65C-3266EE9F662E}.Debug|Any CPU.ActiveCfg = Debug|Any CPU
		{5FFD294F-6BB8-46A9-B65C-3266EE9F662E}.Debug|Any CPU.Build.0 = Debug|Any CPU
		{5FFD294F-6BB8-46A9-B65C-3266EE9F662E}.Release|Any CPU.ActiveCfg = Release|Any CPU
		{5FFD294F-6BB8-46A9-B65C-3266EE9F662E}.Release|Any CPU.Build.0 = Release|Any CPU
		{B673F0A4-4570-472F-A78A-667B302DC294}.Debug|Any CPU.ActiveCfg = Debug|Any CPU
		{B673F0A4-4570-472F-A78A-667B302DC294}.Debug|Any CPU.Build.0 = Debug|Any CPU
		{B673F0A4-4570-472F-A78A-667B302DC294}.Release|Any CPU.ActiveCfg = Release|Any CPU
		{B673F0A4-4570-472F-A78A-667B302DC294}.Release|Any CPU.Build.0 = Release|Any CPU
		{5A690B8D-BD95-4A37-A6EB-5625AB545463}.Debug|Any CPU.ActiveCfg = Debug|Any CPU
		{5A690B8D-BD95-4A37-A6EB-5625AB545463}.Debug|Any CPU.Build.0 = Debug|Any CPU
		{5A690B8D-BD95-4A37-A6EB-5625AB545463}.Release|Any CPU.ActiveCfg = Release|Any CPU
		{5A690B8D-BD95-4A37-A6EB-5625AB545463}.Release|Any CPU.Build.0 = Release|Any CPU
		{61D988E4-883D-49B8-BBFD-1931B915C83C}.Debug|Any CPU.ActiveCfg = Debug|Any CPU
		{61D988E4-883D-49B8-BBFD-1931B915C83C}.Debug|Any CPU.Build.0 = Debug|Any CPU
		{61D988E4-883D-49B8-BBFD-1931B915C83C}.Release|Any CPU.ActiveCfg = Release|Any CPU
		{61D988E4-883D-49B8-BBFD-1931B915C83C}.Release|Any CPU.Build.0 = Release|Any CPU
		{86DD4115-1C68-42C8-A30B-91E70D0B2650}.Debug|Any CPU.ActiveCfg = Debug|Any CPU
		{86DD4115-1C68-42C8-A30B-91E70D0B2650}.Debug|Any CPU.Build.0 = Debug|Any CPU
		{86DD4115-1C68-42C8-A30B-91E70D0B2650}.Release|Any CPU.ActiveCfg = Release|Any CPU
		{86DD4115-1C68-42C8-A30B-91E70D0B2650}.Release|Any CPU.Build.0 = Release|Any CPU
		{691FDF88-2301-48D0-BB7C-738DEA3DEC87}.Debug|Any CPU.ActiveCfg = Debug|Any CPU
		{691FDF88-2301-48D0-BB7C-738DEA3DEC87}.Debug|Any CPU.Build.0 = Debug|Any CPU
		{691FDF88-2301-48D0-BB7C-738DEA3DEC87}.Release|Any CPU.ActiveCfg = Release|Any CPU
		{691FDF88-2301-48D0-BB7C-738DEA3DEC87}.Release|Any CPU.Build.0 = Release|Any CPU
		{39620C72-A010-49FF-A858-238ABB835475}.Debug|Any CPU.ActiveCfg = Debug|Any CPU
		{39620C72-A010-49FF-A858-238ABB835475}.Debug|Any CPU.Build.0 = Debug|Any CPU
		{39620C72-A010-49FF-A858-238ABB835475}.Release|Any CPU.ActiveCfg = Release|Any CPU
		{39620C72-A010-49FF-A858-238ABB835475}.Release|Any CPU.Build.0 = Release|Any CPU
		{460ECCBF-B19D-4F75-9E51-DDAFE7FEB0E2}.Debug|Any CPU.ActiveCfg = Debug|Any CPU
		{460ECCBF-B19D-4F75-9E51-DDAFE7FEB0E2}.Debug|Any CPU.Build.0 = Debug|Any CPU
		{460ECCBF-B19D-4F75-9E51-DDAFE7FEB0E2}.Release|Any CPU.ActiveCfg = Release|Any CPU
		{460ECCBF-B19D-4F75-9E51-DDAFE7FEB0E2}.Release|Any CPU.Build.0 = Release|Any CPU
		{8053D433-9745-46D0-BDF1-F1ABDA086068}.Debug|Any CPU.ActiveCfg = Debug|Any CPU
		{8053D433-9745-46D0-BDF1-F1ABDA086068}.Debug|Any CPU.Build.0 = Debug|Any CPU
		{8053D433-9745-46D0-BDF1-F1ABDA086068}.Release|Any CPU.ActiveCfg = Release|Any CPU
		{8053D433-9745-46D0-BDF1-F1ABDA086068}.Release|Any CPU.Build.0 = Release|Any CPU
		{678F88BA-E07C-4AE8-81A3-00D0FC14B2AE}.Debug|Any CPU.ActiveCfg = Debug|Any CPU
		{678F88BA-E07C-4AE8-81A3-00D0FC14B2AE}.Debug|Any CPU.Build.0 = Debug|Any CPU
		{678F88BA-E07C-4AE8-81A3-00D0FC14B2AE}.Release|Any CPU.ActiveCfg = Release|Any CPU
		{678F88BA-E07C-4AE8-81A3-00D0FC14B2AE}.Release|Any CPU.Build.0 = Release|Any CPU
		{33C6A4A8-0548-45D0-915E-7E097887D197}.Debug|Any CPU.ActiveCfg = Debug|Any CPU
		{33C6A4A8-0548-45D0-915E-7E097887D197}.Debug|Any CPU.Build.0 = Debug|Any CPU
		{33C6A4A8-0548-45D0-915E-7E097887D197}.Release|Any CPU.ActiveCfg = Release|Any CPU
		{33C6A4A8-0548-45D0-915E-7E097887D197}.Release|Any CPU.Build.0 = Release|Any CPU
		{98DD2444-C379-47DB-9774-B647EB36F565}.Debug|Any CPU.ActiveCfg = Debug|Any CPU
		{98DD2444-C379-47DB-9774-B647EB36F565}.Debug|Any CPU.Build.0 = Debug|Any CPU
		{98DD2444-C379-47DB-9774-B647EB36F565}.Release|Any CPU.ActiveCfg = Release|Any CPU
		{98DD2444-C379-47DB-9774-B647EB36F565}.Release|Any CPU.Build.0 = Release|Any CPU
		{CD2A9FF6-90D2-4DFD-8D72-6B7B59CFE10D}.Debug|Any CPU.ActiveCfg = Debug|Any CPU
		{CD2A9FF6-90D2-4DFD-8D72-6B7B59CFE10D}.Debug|Any CPU.Build.0 = Debug|Any CPU
		{CD2A9FF6-90D2-4DFD-8D72-6B7B59CFE10D}.Release|Any CPU.ActiveCfg = Release|Any CPU
		{CD2A9FF6-90D2-4DFD-8D72-6B7B59CFE10D}.Release|Any CPU.Build.0 = Release|Any CPU
		{46F1DB64-65FC-4B3C-A363-9BEA4186F699}.Debug|Any CPU.ActiveCfg = Debug|Any CPU
		{46F1DB64-65FC-4B3C-A363-9BEA4186F699}.Debug|Any CPU.Build.0 = Debug|Any CPU
		{46F1DB64-65FC-4B3C-A363-9BEA4186F699}.Release|Any CPU.ActiveCfg = Release|Any CPU
		{46F1DB64-65FC-4B3C-A363-9BEA4186F699}.Release|Any CPU.Build.0 = Release|Any CPU
		{63329BB5-48EF-482B-BDC0-15E3AD6C844E}.Debug|Any CPU.ActiveCfg = Debug|Any CPU
		{63329BB5-48EF-482B-BDC0-15E3AD6C844E}.Debug|Any CPU.Build.0 = Debug|Any CPU
		{63329BB5-48EF-482B-BDC0-15E3AD6C844E}.Release|Any CPU.ActiveCfg = Release|Any CPU
		{63329BB5-48EF-482B-BDC0-15E3AD6C844E}.Release|Any CPU.Build.0 = Release|Any CPU
		{BFFC9D18-F143-46E4-94C8-597617550C89}.Debug|Any CPU.ActiveCfg = Debug|Any CPU
		{BFFC9D18-F143-46E4-94C8-597617550C89}.Debug|Any CPU.Build.0 = Debug|Any CPU
		{BFFC9D18-F143-46E4-94C8-597617550C89}.Release|Any CPU.ActiveCfg = Release|Any CPU
		{BFFC9D18-F143-46E4-94C8-597617550C89}.Release|Any CPU.Build.0 = Release|Any CPU
		{7161CEFE-0BF3-4A53-B4E7-928EB2A8CD7B}.Debug|Any CPU.ActiveCfg = Debug|Any CPU
		{7161CEFE-0BF3-4A53-B4E7-928EB2A8CD7B}.Debug|Any CPU.Build.0 = Debug|Any CPU
		{7161CEFE-0BF3-4A53-B4E7-928EB2A8CD7B}.Release|Any CPU.ActiveCfg = Release|Any CPU
		{7161CEFE-0BF3-4A53-B4E7-928EB2A8CD7B}.Release|Any CPU.Build.0 = Release|Any CPU
		{81B34304-459A-449C-B643-27E20A7BEC7B}.Debug|Any CPU.ActiveCfg = Debug|Any CPU
		{81B34304-459A-449C-B643-27E20A7BEC7B}.Debug|Any CPU.Build.0 = Debug|Any CPU
		{81B34304-459A-449C-B643-27E20A7BEC7B}.Release|Any CPU.ActiveCfg = Release|Any CPU
		{81B34304-459A-449C-B643-27E20A7BEC7B}.Release|Any CPU.Build.0 = Release|Any CPU
		{3C8033CB-A7F6-45D8-B78A-B6DB2154A4CB}.Debug|Any CPU.ActiveCfg = Debug|Any CPU
		{3C8033CB-A7F6-45D8-B78A-B6DB2154A4CB}.Debug|Any CPU.Build.0 = Debug|Any CPU
		{3C8033CB-A7F6-45D8-B78A-B6DB2154A4CB}.Release|Any CPU.ActiveCfg = Release|Any CPU
		{3C8033CB-A7F6-45D8-B78A-B6DB2154A4CB}.Release|Any CPU.Build.0 = Release|Any CPU
		{9E64004B-12E9-477D-ADE5-D71234CA09FA}.Debug|Any CPU.ActiveCfg = Debug|Any CPU
		{9E64004B-12E9-477D-ADE5-D71234CA09FA}.Debug|Any CPU.Build.0 = Debug|Any CPU
		{9E64004B-12E9-477D-ADE5-D71234CA09FA}.Release|Any CPU.ActiveCfg = Release|Any CPU
		{9E64004B-12E9-477D-ADE5-D71234CA09FA}.Release|Any CPU.Build.0 = Release|Any CPU
	EndGlobalSection
	GlobalSection(SolutionProperties) = preSolution
		HideSolutionNode = FALSE
	EndGlobalSection
EndGlobal
