
Microsoft Visual Studio Solution File, Format Version 12.00
# Visual Studio 14
VisualStudioVersion = 14.0.23107.0
MinimumVisualStudioVersion = 10.0.40219.1
Project("{FAE04EC0-301F-11D3-BF4B-00C04F79EFBC}") = "Deodorant_Evaporator", "CodeWars\Deodorant_Evaporator.csproj", "{5FFD294F-6BB8-46A9-B65C-3266EE9F662E}"
EndProject
Project("{FAE04EC0-301F-11D3-BF4B-00C04F79EFBC}") = "Vowel_Count", "Vowel_Count\Vowel_Count.csproj", "{B673F0A4-4570-472F-A78A-667B302DC294}"
EndProject
Project("{FAE04EC0-301F-11D3-BF4B-00C04F79EFBC}") = "SumOfTheFirstNthTermOfSeries", "SumOfTheFirstNthTermOfSeries\SumOfTheFirstNthTermOfSeries.csproj", "{5A690B8D-BD95-4A37-A6EB-5625AB545463}"
EndProject
Project("{FAE04EC0-301F-11D3-BF4B-00C04F79EFBC}") = "Building_Blocks", "Building_Blocks\Building_Blocks.csproj", "{61D988E4-883D-49B8-BBFD-1931B915C83C}"
EndProject
Project("{FAE04EC0-301F-11D3-BF4B-00C04F79EFBC}") = "RPGOnlinePlayerToQualStage", "RPGOnlinePlayerToQualStage\RPGOnlinePlayerToQualStage.csproj", "{86DD4115-1C68-42C8-A30B-91E70D0B2650}"
EndProject
Project("{FAE04EC0-301F-11D3-BF4B-00C04F79EFBC}") = "MakeBackronym", "MakeBackronym\MakeBackronym.csproj", "{691FDF88-2301-48D0-BB7C-738DEA3DEC87}"
EndProject
Project("{FAE04EC0-301F-11D3-BF4B-00C04F79EFBC}") = "HighestAndLowest", "HighestAndLowest\HighestAndLowest.csproj", "{39620C72-A010-49FF-A858-238ABB835475}"
EndProject
Project("{FAE04EC0-301F-11D3-BF4B-00C04F79EFBC}") = "RegularBallSuperBall", "RegularBallSuperBall\RegularBallSuperBall.csproj", "{460ECCBF-B19D-4F75-9E51-DDAFE7FEB0E2}"
EndProject
Project("{FAE04EC0-301F-11D3-BF4B-00C04F79EFBC}") = "VasyaAndStairs", "VasyaAndStairs\VasyaAndStairs.csproj", "{8053D433-9745-46D0-BDF1-F1ABDA086068}"
EndProject
Project("{FAE04EC0-301F-11D3-BF4B-00C04F79EFBC}") = "CreditCardMask", "CreditCardMask\CreditCardMask.csproj", "{678F88BA-E07C-4AE8-81A3-00D0FC14B2AE}"
EndProject
Project("{FAE04EC0-301F-11D3-BF4B-00C04F79EFBC}") = "HighestProfitWins", "HighestProfitWins\HighestProfitWins.csproj", "{33C6A4A8-0548-45D0-915E-7E097887D197}"
EndProject
Project("{FAE04EC0-301F-11D3-BF4B-00C04F79EFBC}") = "TheOldSwitcheroo", "TheOldSwitcheroo\TheOldSwitcheroo.csproj", "{98DD2444-C379-47DB-9774-B647EB36F565}"
EndProject
Global
	GlobalSection(SolutionConfigurationPlatforms) = preSolution
		Debug|Any CPU = Debug|Any CPU
		Release|Any CPU = Release|Any CPU
	EndGlobalSection
	GlobalSection(ProjectConfigurationPlatforms) = postSolution
		{5FFD294F-6BB8-46A9-B65C-3266EE9F662E}.Debug|Any CPU.ActiveCfg = Debug|Any CPU
		{5FFD294F-6BB8-46A9-B65C-3266EE9F662E}.Debug|Any CPU.Build.0 = Debug|Any CPU
		{5FFD294F-6BB8-46A9-B65C-3266EE9F662E}.Release|Any CPU.ActiveCfg = Release|Any CPU
		{5FFD294F-6BB8-46A9-B65C-3266EE9F662E}.Release|Any CPU.Build.0 = Release|Any CPU
		{B673F0A4-4570-472F-A78A-667B302DC294}.Debug|Any CPU.ActiveCfg = Debug|Any CPU
		{B673F0A4-4570-472F-A78A-667B302DC294}.Debug|Any CPU.Build.0 = Debug|Any CPU
		{B673F0A4-4570-472F-A78A-667B302DC294}.Release|Any CPU.ActiveCfg = Release|Any CPU
		{B673F0A4-4570-472F-A78A-667B302DC294}.Release|Any CPU.Build.0 = Release|Any CPU
		{5A690B8D-BD95-4A37-A6EB-5625AB545463}.Debug|Any CPU.ActiveCfg = Debug|Any CPU
		{5A690B8D-BD95-4A37-A6EB-5625AB545463}.Debug|Any CPU.Build.0 = Debug|Any CPU
		{5A690B8D-BD95-4A37-A6EB-5625AB545463}.Release|Any CPU.ActiveCfg = Release|Any CPU
		{5A690B8D-BD95-4A37-A6EB-5625AB545463}.Release|Any CPU.Build.0 = Release|Any CPU
		{61D988E4-883D-49B8-BBFD-1931B915C83C}.Debug|Any CPU.ActiveCfg = Debug|Any CPU
		{61D988E4-883D-49B8-BBFD-1931B915C83C}.Debug|Any CPU.Build.0 = Debug|Any CPU
		{61D988E4-883D-49B8-BBFD-1931B915C83C}.Release|Any CPU.ActiveCfg = Release|Any CPU
		{61D988E4-883D-49B8-BBFD-1931B915C83C}.Release|Any CPU.Build.0 = Release|Any CPU
		{86DD4115-1C68-42C8-A30B-91E70D0B2650}.Debug|Any CPU.ActiveCfg = Debug|Any CPU
		{86DD4115-1C68-42C8-A30B-91E70D0B2650}.Debug|Any CPU.Build.0 = Debug|Any CPU
		{86DD4115-1C68-42C8-A30B-91E70D0B2650}.Release|Any CPU.ActiveCfg = Release|Any CPU
		{86DD4115-1C68-42C8-A30B-91E70D0B2650}.Release|Any CPU.Build.0 = Release|Any CPU
		{691FDF88-2301-48D0-BB7C-738DEA3DEC87}.Debug|Any CPU.ActiveCfg = Debug|Any CPU
		{691FDF88-2301-48D0-BB7C-738DEA3DEC87}.Debug|Any CPU.Build.0 = Debug|Any CPU
		{691FDF88-2301-48D0-BB7C-738DEA3DEC87}.Release|Any CPU.ActiveCfg = Release|Any CPU
		{691FDF88-2301-48D0-BB7C-738DEA3DEC87}.Release|Any CPU.Build.0 = Release|Any CPU
		{39620C72-A010-49FF-A858-238ABB835475}.Debug|Any CPU.ActiveCfg = Debug|Any CPU
		{39620C72-A010-49FF-A858-238ABB835475}.Debug|Any CPU.Build.0 = Debug|Any CPU
		{39620C72-A010-49FF-A858-238ABB835475}.Release|Any CPU.ActiveCfg = Release|Any CPU
		{39620C72-A010-49FF-A858-238ABB835475}.Release|Any CPU.Build.0 = Release|Any CPU
		{460ECCBF-B19D-4F75-9E51-DDAFE7FEB0E2}.Debug|Any CPU.ActiveCfg = Debug|Any CPU
		{460ECCBF-B19D-4F75-9E51-DDAFE7FEB0E2}.Debug|Any CPU.Build.0 = Debug|Any CPU
		{460ECCBF-B19D-4F75-9E51-DDAFE7FEB0E2}.Release|Any CPU.ActiveCfg = Release|Any CPU
		{460ECCBF-B19D-4F75-9E51-DDAFE7FEB0E2}.Release|Any CPU.Build.0 = Release|Any CPU
		{8053D433-9745-46D0-BDF1-F1ABDA086068}.Debug|Any CPU.ActiveCfg = Debug|Any CPU
		{8053D433-9745-46D0-BDF1-F1ABDA086068}.Debug|Any CPU.Build.0 = Debug|Any CPU
		{8053D433-9745-46D0-BDF1-F1ABDA086068}.Release|Any CPU.ActiveCfg = Release|Any CPU
		{8053D433-9745-46D0-BDF1-F1ABDA086068}.Release|Any CPU.Build.0 = Release|Any CPU
		{678F88BA-E07C-4AE8-81A3-00D0FC14B2AE}.Debug|Any CPU.ActiveCfg = Debug|Any CPU
		{678F88BA-E07C-4AE8-81A3-00D0FC14B2AE}.Debug|Any CPU.Build.0 = Debug|Any CPU
		{678F88BA-E07C-4AE8-81A3-00D0FC14B2AE}.Release|Any CPU.ActiveCfg = Release|Any CPU
		{678F88BA-E07C-4AE8-81A3-00D0FC14B2AE}.Release|Any CPU.Build.0 = Release|Any CPU
		{33C6A4A8-0548-45D0-915E-7E097887D197}.Debug|Any CPU.ActiveCfg = Debug|Any CPU
		{33C6A4A8-0548-45D0-915E-7E097887D197}.Debug|Any CPU.Build.0 = Debug|Any CPU
		{33C6A4A8-0548-45D0-915E-7E097887D197}.Release|Any CPU.ActiveCfg = Release|Any CPU
		{33C6A4A8-0548-45D0-915E-7E097887D197}.Release|Any CPU.Build.0 = Release|Any CPU
		{98DD2444-C379-47DB-9774-B647EB36F565}.Debug|Any CPU.ActiveCfg = Debug|Any CPU
		{98DD2444-C379-47DB-9774-B647EB36F565}.Debug|Any CPU.Build.0 = Debug|Any CPU
		{98DD2444-C379-47DB-9774-B647EB36F565}.Release|Any CPU.ActiveCfg = Release|Any CPU
		{98DD2444-C379-47DB-9774-B647EB36F565}.Release|Any CPU.Build.0 = Release|Any CPU
	EndGlobalSection
	GlobalSection(SolutionProperties) = preSolution
		HideSolutionNode = FALSE
	EndGlobalSection
EndGlobal
